
Microsoft Visual Studio Solution File, Format Version 12.00
# Visual Studio Version 16
VisualStudioVersion = 16.0.30413.136
MinimumVisualStudioVersion = 10.0.40219.1
Project("{FAE04EC0-301F-11D3-BF4B-00C04F79EFBC}") = "C200922GH_2", "C200922GH_2\C200922GH_2.csproj", "{79C708A3-766A-4EC3-9015-0E50955E125B}"
EndProject
Global
	GlobalSection(SolutionConfigurationPlatforms) = preSolution
		Debug|Any CPU = Debug|Any CPU
		Release|Any CPU = Release|Any CPU
	EndGlobalSection
	GlobalSection(ProjectConfigurationPlatforms) = postSolution
		{79C708A3-766A-4EC3-9015-0E50955E125B}.Debug|Any CPU.ActiveCfg = Debug|Any CPU
		{79C708A3-766A-4EC3-9015-0E50955E125B}.Debug|Any CPU.Build.0 = Debug|Any CPU
		{79C708A3-766A-4EC3-9015-0E50955E125B}.Release|Any CPU.ActiveCfg = Release|Any CPU
		{79C708A3-766A-4EC3-9015-0E50955E125B}.Release|Any CPU.Build.0 = Release|Any CPU
	EndGlobalSection
	GlobalSection(SolutionProperties) = preSolution
		HideSolutionNode = FALSE
	EndGlobalSection
	GlobalSection(ExtensibilityGlobals) = postSolution
		SolutionGuid = {F5942127-B5EF-4627-8C17-D76BF0B87482}
	EndGlobalSection
EndGlobal
